
Microsoft Visual Studio Solution File, Format Version 12.00
# Visual Studio 15
VisualStudioVersion = 15.0.28307.572
MinimumVisualStudioVersion = 10.0.40219.1
Project("{FAE04EC0-301F-11D3-BF4B-00C04F79EFBC}") = "THZcineplex", "THZcineplex\THZcineplex.csproj", "{9392151E-B7A3-45A3-AFAE-FB5E88F59430}"
EndProject
Global
	GlobalSection(SolutionConfigurationPlatforms) = preSolution
		Debug|Any CPU = Debug|Any CPU
		Release|Any CPU = Release|Any CPU
	EndGlobalSection
	GlobalSection(ProjectConfigurationPlatforms) = postSolution
		{9392151E-B7A3-45A3-AFAE-FB5E88F59430}.Debug|Any CPU.ActiveCfg = Debug|Any CPU
		{9392151E-B7A3-45A3-AFAE-FB5E88F59430}.Debug|Any CPU.Build.0 = Debug|Any CPU
		{9392151E-B7A3-45A3-AFAE-FB5E88F59430}.Release|Any CPU.ActiveCfg = Release|Any CPU
		{9392151E-B7A3-45A3-AFAE-FB5E88F59430}.Release|Any CPU.Build.0 = Release|Any CPU
	EndGlobalSection
	GlobalSection(SolutionProperties) = preSolution
		HideSolutionNode = FALSE
	EndGlobalSection
	GlobalSection(ExtensibilityGlobals) = postSolution
		SolutionGuid = {627F86FD-AF27-4184-B5E3-27F548E28202}
	EndGlobalSection
EndGlobal
